
Microsoft Visual Studio Solution File, Format Version 12.00
# Visual Studio Version 17
VisualStudioVersion = 17.10.35122.118
MinimumVisualStudioVersion = 10.0.40219.1
Project("{8BC9CEB8-8B4A-11D0-8D11-00A0C91BC942}") = "ClassTable2Pic", "ClassTable2Pic.vcxproj", "{71EA00B5-8B63-436E-9965-D3059671DB40}"
EndProject
Global
	GlobalSection(SolutionConfigurationPlatforms) = preSolution
		Debug|x64 = Debug|x64
		Release|x64 = Release|x64
	EndGlobalSection
	GlobalSection(ProjectConfigurationPlatforms) = postSolution
		{71EA00B5-8B63-436E-9965-D3059671DB40}.Debug|x64.ActiveCfg = Debug|x64
		{71EA00B5-8B63-436E-9965-D3059671DB40}.Debug|x64.Build.0 = Debug|x64
		{71EA00B5-8B63-436E-9965-D3059671DB40}.Release|x64.ActiveCfg = Release|x64
		{71EA00B5-8B63-436E-9965-D3059671DB40}.Release|x64.Build.0 = Release|x64
	EndGlobalSection
	GlobalSection(SolutionProperties) = preSolution
		HideSolutionNode = FALSE
	EndGlobalSection
	GlobalSection(ExtensibilityGlobals) = postSolution
		SolutionGuid = {AD4D9398-2AFC-46D5-9386-BCF91A5A8F0F}
	EndGlobalSection
EndGlobal
